// !$*UTF8*$!
{
	archiveVersion = 1;
	classes = {
	};
	objectVersion = 46;
	objects = {

/* Begin PBXBuildFile section */
		62C002D61B8B1D9300EDE6D9 /* main.m in Sources */ = {isa = PBXBuildFile; fileRef = 62C002D51B8B1D9300EDE6D9 /* main.m */; };
		62C002D91B8B1D9300EDE6D9 /* AppDelegate.m in Sources */ = {isa = PBXBuildFile; fileRef = 62C002D81B8B1D9300EDE6D9 /* AppDelegate.m */; };
		62C002DC1B8B1D9300EDE6D9 /* ViewController.m in Sources */ = {isa = PBXBuildFile; fileRef = 62C002DB1B8B1D9300EDE6D9 /* ViewController.m */; };
		62C002DF1B8B1D9300EDE6D9 /* Main.storyboard in Resources */ = {isa = PBXBuildFile; fileRef = 62C002DD1B8B1D9300EDE6D9 /* Main.storyboard */; };
		62C002E11B8B1D9300EDE6D9 /* Images.xcassets in Resources */ = {isa = PBXBuildFile; fileRef = 62C002E01B8B1D9300EDE6D9 /* Images.xcassets */; };
		62C002E41B8B1D9300EDE6D9 /* LaunchScreen.xib in Resources */ = {isa = PBXBuildFile; fileRef = 62C002E21B8B1D9300EDE6D9 /* LaunchScreen.xib */; };
		62D5F89E1D6C94900019BC17 /* MBProgressHUD+XXB.m in Sources */ = {isa = PBXBuildFile; fileRef = 62D5F89A1D6C94900019BC17 /* MBProgressHUD+XXB.m */; };
		62D5F89F1D6C94900019BC17 /* MBProgressHUD.bundle in Resources */ = {isa = PBXBuildFile; fileRef = 62D5F89B1D6C94900019BC17 /* MBProgressHUD.bundle */; };
		62D5F8A01D6C94900019BC17 /* MBProgressHUD.m in Sources */ = {isa = PBXBuildFile; fileRef = 62D5F89D1D6C94900019BC17 /* MBProgressHUD.m */; };
		94E8BB4787D1E3F2B705E1C2 /* Pods_XXBLibDemo.framework in Frameworks */ = {isa = PBXBuildFile; fileRef = 654627DAC08776F2C928381F /* Pods_XXBLibDemo.framework */; };
		E1B818981E2369EC00211C52 /* XXBLibDemoTests.m in Sources */ = {isa = PBXBuildFile; fileRef = E1B818971E2369EC00211C52 /* XXBLibDemoTests.m */; };
/* End PBXBuildFile section */

/* Begin PBXContainerItemProxy section */
		E1B8189A1E2369EC00211C52 /* PBXContainerItemProxy */ = {
			isa = PBXContainerItemProxy;
			containerPortal = 62C002C81B8B1D9300EDE6D9 /* Project object */;
			proxyType = 1;
			remoteGlobalIDString = 62C002CF1B8B1D9300EDE6D9;
			remoteInfo = XXBLibDemo;
		};
/* End PBXContainerItemProxy section */

/* Begin PBXFileReference section */
		62C002D01B8B1D9300EDE6D9 /* XXBLibDemo.app */ = {isa = PBXFileReference; explicitFileType = wrapper.application; includeInIndex = 0; path = XXBLibDemo.app; sourceTree = BUILT_PRODUCTS_DIR; };
		62C002D41B8B1D9300EDE6D9 /* Info.plist */ = {isa = PBXFileReference; lastKnownFileType = text.plist.xml; path = Info.plist; sourceTree = "<group>"; };
		62C002D51B8B1D9300EDE6D9 /* main.m */ = {isa = PBXFileReference; lastKnownFileType = sourcecode.c.objc; path = main.m; sourceTree = "<group>"; };
		62C002D71B8B1D9300EDE6D9 /* AppDelegate.h */ = {isa = PBXFileReference; lastKnownFileType = sourcecode.c.h; path = AppDelegate.h; sourceTree = "<group>"; };
		62C002D81B8B1D9300EDE6D9 /* AppDelegate.m */ = {isa = PBXFileReference; lastKnownFileType = sourcecode.c.objc; path = AppDelegate.m; sourceTree = "<group>"; };
		62C002DA1B8B1D9300EDE6D9 /* ViewController.h */ = {isa = PBXFileReference; lastKnownFileType = sourcecode.c.h; path = ViewController.h; sourceTree = "<group>"; };
		62C002DB1B8B1D9300EDE6D9 /* ViewController.m */ = {isa = PBXFileReference; lastKnownFileType = sourcecode.c.objc; path = ViewController.m; sourceTree = "<group>"; };
		62C002DE1B8B1D9300EDE6D9 /* Base */ = {isa = PBXFileReference; lastKnownFileType = file.storyboard; name = Base; path = Base.lproj/Main.storyboard; sourceTree = "<group>"; };
		62C002E01B8B1D9300EDE6D9 /* Images.xcassets */ = {isa = PBXFileReference; lastKnownFileType = folder.assetcatalog; path = Images.xcassets; sourceTree = "<group>"; };
		62C002E31B8B1D9300EDE6D9 /* Base */ = {isa = PBXFileReference; lastKnownFileType = file.xib; name = Base; path = Base.lproj/LaunchScreen.xib; sourceTree = "<group>"; };
		62D5F8991D6C94900019BC17 /* MBProgressHUD+XXB.h */ = {isa = PBXFileReference; fileEncoding = 4; lastKnownFileType = sourcecode.c.h; path = "MBProgressHUD+XXB.h"; sourceTree = "<group>"; };
		62D5F89A1D6C94900019BC17 /* MBProgressHUD+XXB.m */ = {isa = PBXFileReference; fileEncoding = 4; lastKnownFileType = sourcecode.c.objc; path = "MBProgressHUD+XXB.m"; sourceTree = "<group>"; };
		62D5F89B1D6C94900019BC17 /* MBProgressHUD.bundle */ = {isa = PBXFileReference; lastKnownFileType = "wrapper.plug-in"; path = MBProgressHUD.bundle; sourceTree = "<group>"; };
		62D5F89C1D6C94900019BC17 /* MBProgressHUD.h */ = {isa = PBXFileReference; fileEncoding = 4; lastKnownFileType = sourcecode.c.h; path = MBProgressHUD.h; sourceTree = "<group>"; };
		62D5F89D1D6C94900019BC17 /* MBProgressHUD.m */ = {isa = PBXFileReference; fileEncoding = 4; lastKnownFileType = sourcecode.c.objc; path = MBProgressHUD.m; sourceTree = "<group>"; };
		654627DAC08776F2C928381F /* Pods_XXBLibDemo.framework */ = {isa = PBXFileReference; explicitFileType = wrapper.framework; includeInIndex = 0; path = Pods_XXBLibDemo.framework; sourceTree = BUILT_PRODUCTS_DIR; };
		745B682AF52108CD42B9F99D /* Pods-XXBLibDemo.debug.xcconfig */ = {isa = PBXFileReference; includeInIndex = 1; lastKnownFileType = text.xcconfig; name = "Pods-XXBLibDemo.debug.xcconfig"; path = "Pods/Target Support Files/Pods-XXBLibDemo/Pods-XXBLibDemo.debug.xcconfig"; sourceTree = "<group>"; };
		817C1F7E9E711FD19885842D /* Pods-XXBLibDemo.release.xcconfig */ = {isa = PBXFileReference; includeInIndex = 1; lastKnownFileType = text.xcconfig; name = "Pods-XXBLibDemo.release.xcconfig"; path = "Pods/Target Support Files/Pods-XXBLibDemo/Pods-XXBLibDemo.release.xcconfig"; sourceTree = "<group>"; };
		E1B818951E2369EC00211C52 /* XXBLibDemoTests.xctest */ = {isa = PBXFileReference; explicitFileType = wrapper.cfbundle; includeInIndex = 0; path = XXBLibDemoTests.xctest; sourceTree = BUILT_PRODUCTS_DIR; };
		E1B818971E2369EC00211C52 /* XXBLibDemoTests.m */ = {isa = PBXFileReference; lastKnownFileType = sourcecode.c.objc; path = XXBLibDemoTests.m; sourceTree = "<group>"; };
		E1B818991E2369EC00211C52 /* Info.plist */ = {isa = PBXFileReference; lastKnownFileType = text.plist.xml; path = Info.plist; sourceTree = "<group>"; };
/* End PBXFileReference section */

/* Begin PBXFrameworksBuildPhase section */
		62C002CD1B8B1D9300EDE6D9 /* Frameworks */ = {
			isa = PBXFrameworksBuildPhase;
			buildActionMask = 2147483647;
			files = (
				94E8BB4787D1E3F2B705E1C2 /* Pods_XXBLibDemo.framework in Frameworks */,
			);
			runOnlyForDeploymentPostprocessing = 0;
		};
		E1B818921E2369EC00211C52 /* Frameworks */ = {
			isa = PBXFrameworksBuildPhase;
			buildActionMask = 2147483647;
			files = (
			);
			runOnlyForDeploymentPostprocessing = 0;
		};
/* End PBXFrameworksBuildPhase section */

/* Begin PBXGroup section */
		534D932E214286CE78556C59 /* Pods */ = {
			isa = PBXGroup;
			children = (
				745B682AF52108CD42B9F99D /* Pods-XXBLibDemo.debug.xcconfig */,
				817C1F7E9E711FD19885842D /* Pods-XXBLibDemo.release.xcconfig */,
			);
			name = Pods;
			sourceTree = "<group>";
		};
		62C002C71B8B1D9300EDE6D9 = {
			isa = PBXGroup;
			children = (
				62C002D21B8B1D9300EDE6D9 /* XXBLibDemo */,
				E1B818961E2369EC00211C52 /* XXBLibDemoTests */,
				62C002D11B8B1D9300EDE6D9 /* Products */,
				534D932E214286CE78556C59 /* Pods */,
				B6FEF7B373660034EAB02E73 /* Frameworks */,
			);
			sourceTree = "<group>";
		};
		62C002D11B8B1D9300EDE6D9 /* Products */ = {
			isa = PBXGroup;
			children = (
				62C002D01B8B1D9300EDE6D9 /* XXBLibDemo.app */,
				E1B818951E2369EC00211C52 /* XXBLibDemoTests.xctest */,
			);
			name = Products;
			sourceTree = "<group>";
		};
		62C002D21B8B1D9300EDE6D9 /* XXBLibDemo */ = {
			isa = PBXGroup;
			children = (
				62D5F8981D6C94900019BC17 /* MBProgressHUD */,
				62C002D71B8B1D9300EDE6D9 /* AppDelegate.h */,
				62C002D81B8B1D9300EDE6D9 /* AppDelegate.m */,
				62C002DA1B8B1D9300EDE6D9 /* ViewController.h */,
				62C002DB1B8B1D9300EDE6D9 /* ViewController.m */,
				62C002DD1B8B1D9300EDE6D9 /* Main.storyboard */,
				62C002E01B8B1D9300EDE6D9 /* Images.xcassets */,
				62C002E21B8B1D9300EDE6D9 /* LaunchScreen.xib */,
				62C002D31B8B1D9300EDE6D9 /* Supporting Files */,
			);
			path = XXBLibDemo;
			sourceTree = "<group>";
		};
		62C002D31B8B1D9300EDE6D9 /* Supporting Files */ = {
			isa = PBXGroup;
			children = (
				62C002D41B8B1D9300EDE6D9 /* Info.plist */,
				62C002D51B8B1D9300EDE6D9 /* main.m */,
			);
			name = "Supporting Files";
			sourceTree = "<group>";
		};
		62D5F8981D6C94900019BC17 /* MBProgressHUD */ = {
			isa = PBXGroup;
			children = (
				62D5F8991D6C94900019BC17 /* MBProgressHUD+XXB.h */,
				62D5F89A1D6C94900019BC17 /* MBProgressHUD+XXB.m */,
				62D5F89B1D6C94900019BC17 /* MBProgressHUD.bundle */,
				62D5F89C1D6C94900019BC17 /* MBProgressHUD.h */,
				62D5F89D1D6C94900019BC17 /* MBProgressHUD.m */,
			);
			name = MBProgressHUD;
			path = ../../MBProgressHUD;
			sourceTree = "<group>";
		};
		B6FEF7B373660034EAB02E73 /* Frameworks */ = {
			isa = PBXGroup;
			children = (
				654627DAC08776F2C928381F /* Pods_XXBLibDemo.framework */,
			);
			name = Frameworks;
			sourceTree = "<group>";
		};
		E1B818961E2369EC00211C52 /* XXBLibDemoTests */ = {
			isa = PBXGroup;
			children = (
				E1B818971E2369EC00211C52 /* XXBLibDemoTests.m */,
				E1B818991E2369EC00211C52 /* Info.plist */,
			);
			path = XXBLibDemoTests;
			sourceTree = "<group>";
		};
/* End PBXGroup section */

/* Begin PBXNativeTarget section */
		62C002CF1B8B1D9300EDE6D9 /* XXBLibDemo */ = {
			isa = PBXNativeTarget;
			buildConfigurationList = 62C002F31B8B1D9300EDE6D9 /* Build configuration list for PBXNativeTarget "XXBLibDemo" */;
			buildPhases = (
				AC4ACF82CF3134C80BDD261E /* [CP] Check Pods Manifest.lock */,
				62C002CC1B8B1D9300EDE6D9 /* Sources */,
				62C002CD1B8B1D9300EDE6D9 /* Frameworks */,
				62C002CE1B8B1D9300EDE6D9 /* Resources */,
				75783417EE933565C5A99C9D /* [CP] Embed Pods Frameworks */,
				D2334907E46DB1FD1CF77F40 /* [CP] Copy Pods Resources */,
			);
			buildRules = (
			);
			dependencies = (
			);
			name = XXBLibDemo;
			productName = XXBLibDemo;
			productReference = 62C002D01B8B1D9300EDE6D9 /* XXBLibDemo.app */;
			productType = "com.apple.product-type.application";
		};
		E1B818941E2369EC00211C52 /* XXBLibDemoTests */ = {
			isa = PBXNativeTarget;
			buildConfigurationList = E1B8189C1E2369EC00211C52 /* Build configuration list for PBXNativeTarget "XXBLibDemoTests" */;
			buildPhases = (
				E1B818911E2369EC00211C52 /* Sources */,
				E1B818921E2369EC00211C52 /* Frameworks */,
				E1B818931E2369EC00211C52 /* Resources */,
			);
			buildRules = (
			);
			dependencies = (
				E1B8189B1E2369EC00211C52 /* PBXTargetDependency */,
			);
			name = XXBLibDemoTests;
			productName = XXBLibDemoTests;
			productReference = E1B818951E2369EC00211C52 /* XXBLibDemoTests.xctest */;
			productType = "com.apple.product-type.bundle.unit-test";
		};
/* End PBXNativeTarget section */

/* Begin PBXProject section */
		62C002C81B8B1D9300EDE6D9 /* Project object */ = {
			isa = PBXProject;
			attributes = {
				LastUpgradeCheck = 0920;
				ORGANIZATIONNAME = "杨小兵";
				TargetAttributes = {
					62C002CF1B8B1D9300EDE6D9 = {
						CreatedOnToolsVersion = 6.4;
					};
					E1B818941E2369EC00211C52 = {
						CreatedOnToolsVersion = 8.2;
						DevelopmentTeam = WR38BY4EP8;
						ProvisioningStyle = Automatic;
						TestTargetID = 62C002CF1B8B1D9300EDE6D9;
					};
				};
			};
			buildConfigurationList = 62C002CB1B8B1D9300EDE6D9 /* Build configuration list for PBXProject "XXBLibDemo" */;
			compatibilityVersion = "Xcode 3.2";
			developmentRegion = English;
			hasScannedForEncodings = 0;
			knownRegions = (
				en,
				Base,
			);
			mainGroup = 62C002C71B8B1D9300EDE6D9;
			productRefGroup = 62C002D11B8B1D9300EDE6D9 /* Products */;
			projectDirPath = "";
			projectRoot = "";
			targets = (
				62C002CF1B8B1D9300EDE6D9 /* XXBLibDemo */,
				E1B818941E2369EC00211C52 /* XXBLibDemoTests */,
			);
		};
/* End PBXProject section */

/* Begin PBXResourcesBuildPhase section */
		62C002CE1B8B1D9300EDE6D9 /* Resources */ = {
			isa = PBXResourcesBuildPhase;
			buildActionMask = 2147483647;
			files = (
				62C002DF1B8B1D9300EDE6D9 /* Main.storyboard in Resources */,
				62D5F89F1D6C94900019BC17 /* MBProgressHUD.bundle in Resources */,
				62C002E41B8B1D9300EDE6D9 /* LaunchScreen.xib in Resources */,
				62C002E11B8B1D9300EDE6D9 /* Images.xcassets in Resources */,
			);
			runOnlyForDeploymentPostprocessing = 0;
		};
		E1B818931E2369EC00211C52 /* Resources */ = {
			isa = PBXResourcesBuildPhase;
			buildActionMask = 2147483647;
			files = (
			);
			runOnlyForDeploymentPostprocessing = 0;
		};
/* End PBXResourcesBuildPhase section */

/* Begin PBXShellScriptBuildPhase section */
		75783417EE933565C5A99C9D /* [CP] Embed Pods Frameworks */ = {
			isa = PBXShellScriptBuildPhase;
			buildActionMask = 2147483647;
			files = (
			);
			inputPaths = (
				"${SRCROOT}/Pods/Target Support Files/Pods-XXBLibDemo/Pods-XXBLibDemo-frameworks.sh",
				"${BUILT_PRODUCTS_DIR}/XXBLibs/XXBLibs.framework",
			);
			name = "[CP] Embed Pods Frameworks";
			outputPaths = (
				"${TARGET_BUILD_DIR}/${FRAMEWORKS_FOLDER_PATH}/XXBLibs.framework",
			);
			runOnlyForDeploymentPostprocessing = 0;
			shellPath = /bin/sh;
			shellScript = "\"${SRCROOT}/Pods/Target Support Files/Pods-XXBLibDemo/Pods-XXBLibDemo-frameworks.sh\"\n";
			showEnvVarsInLog = 0;
		};
		AC4ACF82CF3134C80BDD261E /* [CP] Check Pods Manifest.lock */ = {
			isa = PBXShellScriptBuildPhase;
			buildActionMask = 2147483647;
			files = (
			);
			inputPaths = (
				"${PODS_PODFILE_DIR_PATH}/Podfile.lock",
				"${PODS_ROOT}/Manifest.lock",
			);
			name = "[CP] Check Pods Manifest.lock";
			outputPaths = (
				"$(DERIVED_FILE_DIR)/Pods-XXBLibDemo-checkManifestLockResult.txt",
			);
			runOnlyForDeploymentPostprocessing = 0;
			shellPath = /bin/sh;
			shellScript = "diff \"${PODS_PODFILE_DIR_PATH}/Podfile.lock\" \"${PODS_ROOT}/Manifest.lock\" > /dev/null\nif [ $? != 0 ] ; then\n    # print error to STDERR\n    echo \"error: The sandbox is not in sync with the Podfile.lock. Run 'pod install' or update your CocoaPods installation.\" >&2\n    exit 1\nfi\n# This output is used by Xcode 'outputs' to avoid re-running this script phase.\necho \"SUCCESS\" > \"${SCRIPT_OUTPUT_FILE_0}\"\n";
			showEnvVarsInLog = 0;
		};
		D2334907E46DB1FD1CF77F40 /* [CP] Copy Pods Resources */ = {
			isa = PBXShellScriptBuildPhase;
			buildActionMask = 2147483647;
			files = (
			);
			inputPaths = (
			);
			name = "[CP] Copy Pods Resources";
			outputPaths = (
			);
			runOnlyForDeploymentPostprocessing = 0;
			shellPath = /bin/sh;
			shellScript = "\"${SRCROOT}/Pods/Target Support Files/Pods-XXBLibDemo/Pods-XXBLibDemo-resources.sh\"\n";
			showEnvVarsInLog = 0;
		};
/* End PBXShellScriptBuildPhase section */

/* Begin PBXSourcesBuildPhase section */
		62C002CC1B8B1D9300EDE6D9 /* Sources */ = {
			isa = PBXSourcesBuildPhase;
			buildActionMask = 2147483647;
			files = (
				62C002DC1B8B1D9300EDE6D9 /* ViewController.m in Sources */,
				62C002D91B8B1D9300EDE6D9 /* AppDelegate.m in Sources */,
				62D5F8A01D6C94900019BC17 /* MBProgressHUD.m in Sources */,
				62D5F89E1D6C94900019BC17 /* MBProgressHUD+XXB.m in Sources */,
				62C002D61B8B1D9300EDE6D9 /* main.m in Sources */,
			);
			runOnlyForDeploymentPostprocessing = 0;
		};
		E1B818911E2369EC00211C52 /* Sources */ = {
			isa = PBXSourcesBuildPhase;
			buildActionMask = 2147483647;
			files = (
				E1B818981E2369EC00211C52 /* XXBLibDemoTests.m in Sources */,
			);
			runOnlyForDeploymentPostprocessing = 0;
		};
/* End PBXSourcesBuildPhase section */

/* Begin PBXTargetDependency section */
		E1B8189B1E2369EC00211C52 /* PBXTargetDependency */ = {
			isa = PBXTargetDependency;
			target = 62C002CF1B8B1D9300EDE6D9 /* XXBLibDemo */;
			targetProxy = E1B8189A1E2369EC00211C52 /* PBXContainerItemProxy */;
		};
/* End PBXTargetDependency section */

/* Begin PBXVariantGroup section */
		62C002DD1B8B1D9300EDE6D9 /* Main.storyboard */ = {
			isa = PBXVariantGroup;
			children = (
				62C002DE1B8B1D9300EDE6D9 /* Base */,
			);
			name = Main.storyboard;
			sourceTree = "<group>";
		};
		62C002E21B8B1D9300EDE6D9 /* LaunchScreen.xib */ = {
			isa = PBXVariantGroup;
			children = (
				62C002E31B8B1D9300EDE6D9 /* Base */,
			);
			name = LaunchScreen.xib;
			sourceTree = "<group>";
		};
/* End PBXVariantGroup section */

/* Begin XCBuildConfiguration section */
		62C002F11B8B1D9300EDE6D9 /* Debug */ = {
			isa = XCBuildConfiguration;
			buildSettings = {
				ALWAYS_SEARCH_USER_PATHS = NO;
				CLANG_CXX_LANGUAGE_STANDARD = "gnu++0x";
				CLANG_CXX_LIBRARY = "libc++";
				CLANG_ENABLE_MODULES = YES;
				CLANG_ENABLE_OBJC_ARC = YES;
				CLANG_WARN_BLOCK_CAPTURE_AUTORELEASING = YES;
				CLANG_WARN_BOOL_CONVERSION = YES;
				CLANG_WARN_COMMA = YES;
				CLANG_WARN_CONSTANT_CONVERSION = YES;
				CLANG_WARN_DIRECT_OBJC_ISA_USAGE = YES_ERROR;
				CLANG_WARN_EMPTY_BODY = YES;
				CLANG_WARN_ENUM_CONVERSION = YES;
				CLANG_WARN_INFINITE_RECURSION = YES;
				CLANG_WARN_INT_CONVERSION = YES;
				CLANG_WARN_NON_LITERAL_NULL_CONVERSION = YES;
				CLANG_WARN_OBJC_LITERAL_CONVERSION = YES;
				CLANG_WARN_OBJC_ROOT_CLASS = YES_ERROR;
				CLANG_WARN_RANGE_LOOP_ANALYSIS = YES;
				CLANG_WARN_STRICT_PROTOTYPES = YES;
				CLANG_WARN_SUSPICIOUS_MOVE = YES;
				CLANG_WARN_UNREACHABLE_CODE = YES;
				CLANG_WARN__DUPLICATE_METHOD_MATCH = YES;
				"CODE_SIGN_IDENTITY[sdk=iphoneos*]" = "iPhone Developer";
				COPY_PHASE_STRIP = NO;
				DEBUG_INFORMATION_FORMAT = "dwarf-with-dsym";
				ENABLE_STRICT_OBJC_MSGSEND = YES;
				ENABLE_TESTABILITY = YES;
				GCC_C_LANGUAGE_STANDARD = gnu99;
				GCC_DYNAMIC_NO_PIC = NO;
				GCC_NO_COMMON_BLOCKS = YES;
				GCC_OPTIMIZATION_LEVEL = 0;
				GCC_PREPROCESSOR_DEFINITIONS = (
					"DEBUG=1",
					"$(inherited)",
				);
				GCC_SYMBOLS_PRIVATE_EXTERN = NO;
				GCC_WARN_64_TO_32_BIT_CONVERSION = YES;
				GCC_WARN_ABOUT_RETURN_TYPE = YES_ERROR;
				GCC_WARN_UNDECLARED_SELECTOR = YES;
				GCC_WARN_UNINITIALIZED_AUTOS = YES_AGGRESSIVE;
				GCC_WARN_UNUSED_FUNCTION = YES;
				GCC_WARN_UNUSED_VARIABLE = YES;
				IPHONEOS_DEPLOYMENT_TARGET = 8.4;
				MTL_ENABLE_DEBUG_INFO = YES;
				ONLY_ACTIVE_ARCH = YES;
				SDKROOT = iphoneos;
				TARGETED_DEVICE_FAMILY = "1,2";
			};
			name = Debug;
		};
		62C002F21B8B1D9300EDE6D9 /* Release */ = {
			isa = XCBuildConfiguration;
			buildSettings = {
				ALWAYS_SEARCH_USER_PATHS = NO;
				CLANG_CXX_LANGUAGE_STANDARD = "gnu++0x";
				CLANG_CXX_LIBRARY = "libc++";
				CLANG_ENABLE_MODULES = YES;
				CLANG_ENABLE_OBJC_ARC = YES;
				CLANG_WARN_BLOCK_CAPTURE_AUTORELEASING = YES;
				CLANG_WARN_BOOL_CONVERSION = YES;
				CLANG_WARN_COMMA = YES;
				CLANG_WARN_CONSTANT_CONVERSION = YES;
				CLANG_WARN_DIRECT_OBJC_ISA_USAGE = YES_ERROR;
				CLANG_WARN_EMPTY_BODY = YES;
				CLANG_WARN_ENUM_CONVERSION = YES;
				CLANG_WARN_INFINITE_RECURSION = YES;
				CLANG_WARN_INT_CONVERSION = YES;
				CLANG_WARN_NON_LITERAL_NULL_CONVERSION = YES;
				CLANG_WARN_OBJC_LITERAL_CONVERSION = YES;
				CLANG_WARN_OBJC_ROOT_CLASS = YES_ERROR;
				CLANG_WARN_RANGE_LOOP_ANALYSIS = YES;
				CLANG_WARN_STRICT_PROTOTYPES = YES;
				CLANG_WARN_SUSPICIOUS_MOVE = YES;
				CLANG_WARN_UNREACHABLE_CODE = YES;
				CLANG_WARN__DUPLICATE_METHOD_MATCH = YES;
				"CODE_SIGN_IDENTITY[sdk=iphoneos*]" = "iPhone Developer";
				COPY_PHASE_STRIP = NO;
				DEBUG_INFORMATION_FORMAT = "dwarf-with-dsym";
				ENABLE_NS_ASSERTIONS = NO;
				ENABLE_STRICT_OBJC_MSGSEND = YES;
				GCC_C_LANGUAGE_STANDARD = gnu99;
				GCC_NO_COMMON_BLOCKS = YES;
				GCC_WARN_64_TO_32_BIT_CONVERSION = YES;
				GCC_WARN_ABOUT_RETURN_TYPE = YES_ERROR;
				GCC_WARN_UNDECLARED_SELECTOR = YES;
				GCC_WARN_UNINITIALIZED_AUTOS = YES_AGGRESSIVE;
				GCC_WARN_UNUSED_FUNCTION = YES;
				GCC_WARN_UNUSED_VARIABLE = YES;
				IPHONEOS_DEPLOYMENT_TARGET = 8.4;
				MTL_ENABLE_DEBUG_INFO = NO;
				SDKROOT = iphoneos;
				TARGETED_DEVICE_FAMILY = "1,2";
				VALIDATE_PRODUCT = YES;
			};
			name = Release;
		};
		62C002F41B8B1D9300EDE6D9 /* Debug */ = {
			isa = XCBuildConfiguration;
			baseConfigurationReference = 745B682AF52108CD42B9F99D /* Pods-XXBLibDemo.debug.xcconfig */;
			buildSettings = {
				ASSETCATALOG_COMPILER_APPICON_NAME = AppIcon;
				INFOPLIST_FILE = XXBLibDemo/Info.plist;
				IPHONEOS_DEPLOYMENT_TARGET = 8.0;
				LD_RUNPATH_SEARCH_PATHS = "$(inherited) @executable_path/Frameworks";
				PRODUCT_BUNDLE_IDENTIFIER = "com.xiaoxiaobing.$(PRODUCT_NAME:rfc1034identifier)";
				PRODUCT_NAME = "$(TARGET_NAME)";
			};
			name = Debug;
		};
		62C002F51B8B1D9300EDE6D9 /* Release */ = {
			isa = XCBuildConfiguration;
			baseConfigurationReference = 817C1F7E9E711FD19885842D /* Pods-XXBLibDemo.release.xcconfig */;
			buildSettings = {
				ASSETCATALOG_COMPILER_APPICON_NAME = AppIcon;
				INFOPLIST_FILE = XXBLibDemo/Info.plist;
				IPHONEOS_DEPLOYMENT_TARGET = 8.0;
				LD_RUNPATH_SEARCH_PATHS = "$(inherited) @executable_path/Frameworks";
				PRODUCT_BUNDLE_IDENTIFIER = "com.xiaoxiaobing.$(PRODUCT_NAME:rfc1034identifier)";
				PRODUCT_NAME = "$(TARGET_NAME)";
			};
			name = Release;
		};
		E1B8189D1E2369EC00211C52 /* Debug */ = {
			isa = XCBuildConfiguration;
			buildSettings = {
				BUNDLE_LOADER = "$(TEST_HOST)";
				CLANG_ANALYZER_NONNULL = YES;
				CLANG_WARN_DOCUMENTATION_COMMENTS = YES;
				CLANG_WARN_INFINITE_RECURSION = YES;
				CLANG_WARN_SUSPICIOUS_MOVE = YES;
				DEBUG_INFORMATION_FORMAT = dwarf;
				DEVELOPMENT_TEAM = WR38BY4EP8;
				INFOPLIST_FILE = XXBLibDemoTests/Info.plist;
				IPHONEOS_DEPLOYMENT_TARGET = 10.2;
				LD_RUNPATH_SEARCH_PATHS = "$(inherited) @executable_path/Frameworks @loader_path/Frameworks";
				PRODUCT_BUNDLE_IDENTIFIER = com.baidu.XXBLibDemoTests;
				PRODUCT_NAME = "$(TARGET_NAME)";
				TEST_HOST = "$(BUILT_PRODUCTS_DIR)/XXBLibDemo.app/XXBLibDemo";
			};
			name = Debug;
		};
		E1B8189E1E2369EC00211C52 /* Release */ = {
			isa = XCBuildConfiguration;
			buildSettings = {
				BUNDLE_LOADER = "$(TEST_HOST)";
				CLANG_ANALYZER_NONNULL = YES;
				CLANG_WARN_DOCUMENTATION_COMMENTS = YES;
				CLANG_WARN_INFINITE_RECURSION = YES;
				CLANG_WARN_SUSPICIOUS_MOVE = YES;
				DEVELOPMENT_TEAM = WR38BY4EP8;
				INFOPLIST_FILE = XXBLibDemoTests/Info.plist;
				IPHONEOS_DEPLOYMENT_TARGET = 10.2;
				LD_RUNPATH_SEARCH_PATHS = "$(inherited) @executable_path/Frameworks @loader_path/Frameworks";
				PRODUCT_BUNDLE_IDENTIFIER = com.baidu.XXBLibDemoTests;
				PRODUCT_NAME = "$(TARGET_NAME)";
				TEST_HOST = "$(BUILT_PRODUCTS_DIR)/XXBLibDemo.app/XXBLibDemo";
			};
			name = Release;
		};
/* End XCBuildConfiguration section */

/* Begin XCConfigurationList section */
		62C002CB1B8B1D9300EDE6D9 /* Build configuration list for PBXProject "XXBLibDemo" */ = {
			isa = XCConfigurationList;
			buildConfigurations = (
				62C002F11B8B1D9300EDE6D9 /* Debug */,
				62C002F21B8B1D9300EDE6D9 /* Release */,
			);
			defaultConfigurationIsVisible = 0;
			defaultConfigurationName = Release;
		};
		62C002F31B8B1D9300EDE6D9 /* Build configuration list for PBXNativeTarget "XXBLibDemo" */ = {
			isa = XCConfigurationList;
			buildConfigurations = (
				62C002F41B8B1D9300EDE6D9 /* Debug */,
				62C002F51B8B1D9300EDE6D9 /* Release */,
			);
			defaultConfigurationIsVisible = 0;
			defaultConfigurationName = Release;
		};
		E1B8189C1E2369EC00211C52 /* Build configuration list for PBXNativeTarget "XXBLibDemoTests" */ = {
			isa = XCConfigurationList;
			buildConfigurations = (
				E1B8189D1E2369EC00211C52 /* Debug */,
				E1B8189E1E2369EC00211C52 /* Release */,
			);
			defaultConfigurationIsVisible = 0;
			defaultConfigurationName = Release;
		};
/* End XCConfigurationList section */
	};
	rootObject = 62C002C81B8B1D9300EDE6D9 /* Project object */;
}
