// !$*UTF8*$!
{
	archiveVersion = 1;
	classes = {
	};
	objectVersion = 46;
	objects = {

/* Begin PBXBuildFile section */
		62095D1B1D1BE2B0008E210F /* NSArray+XXB.m in Sources */ = {isa = PBXBuildFile; fileRef = 62095CED1D1BE2B0008E210F /* NSArray+XXB.m */; };
		62095D1C1D1BE2B0008E210F /* NSData+Help.m in Sources */ = {isa = PBXBuildFile; fileRef = 62095CEF1D1BE2B0008E210F /* NSData+Help.m */; };
		62095D1D1D1BE2B0008E210F /* NSDate+Help.m in Sources */ = {isa = PBXBuildFile; fileRef = 62095CF11D1BE2B0008E210F /* NSDate+Help.m */; };
		62095D1E1D1BE2B0008E210F /* NSDictionary+XXB.m in Sources */ = {isa = PBXBuildFile; fileRef = 62095CF31D1BE2B0008E210F /* NSDictionary+XXB.m */; };
		62095D1F1D1BE2B0008E210F /* NSString+Help.m in Sources */ = {isa = PBXBuildFile; fileRef = 62095CF51D1BE2B0008E210F /* NSString+Help.m */; };
		62095D201D1BE2B0008E210F /* UIBarButtonItem+Help.m in Sources */ = {isa = PBXBuildFile; fileRef = 62095CF71D1BE2B0008E210F /* UIBarButtonItem+Help.m */; };
		62095D211D1BE2B0008E210F /* UIColor+Help.m in Sources */ = {isa = PBXBuildFile; fileRef = 62095CF91D1BE2B0008E210F /* UIColor+Help.m */; };
		62095D221D1BE2B0008E210F /* UIImage+Help.m in Sources */ = {isa = PBXBuildFile; fileRef = 62095CFB1D1BE2B0008E210F /* UIImage+Help.m */; };
		62095D231D1BE2B0008E210F /* UIView+Help.m in Sources */ = {isa = PBXBuildFile; fileRef = 62095CFD1D1BE2B0008E210F /* UIView+Help.m */; };
		62095D241D1BE2B0008E210F /* UIView+MotionEffect.m in Sources */ = {isa = PBXBuildFile; fileRef = 62095CFF1D1BE2B0008E210F /* UIView+MotionEffect.m */; };
		62095D251D1BE2B0008E210F /* XXBDeviceHelp.m in Sources */ = {isa = PBXBuildFile; fileRef = 62095D021D1BE2B0008E210F /* XXBDeviceHelp.m */; };
		62095D261D1BE2B0008E210F /* XXBDiskHelp.m in Sources */ = {isa = PBXBuildFile; fileRef = 62095D041D1BE2B0008E210F /* XXBDiskHelp.m */; };
		62095D271D1BE2B0008E210F /* XXBFileHelper.m in Sources */ = {isa = PBXBuildFile; fileRef = 62095D061D1BE2B0008E210F /* XXBFileHelper.m */; };
		62095D281D1BE2B0008E210F /* XXBFPSLabel.m in Sources */ = {isa = PBXBuildFile; fileRef = 62095D081D1BE2B0008E210F /* XXBFPSLabel.m */; };
		62095D291D1BE2B0008E210F /* XXBHelpTools.m in Sources */ = {isa = PBXBuildFile; fileRef = 62095D0A1D1BE2B0008E210F /* XXBHelpTools.m */; };
		62095D2A1D1BE2B0008E210F /* XXBLog.m in Sources */ = {isa = PBXBuildFile; fileRef = 62095D0C1D1BE2B0008E210F /* XXBLog.m */; };
		62095D2B1D1BE2B0008E210F /* XXBNetWorkExtion.m in Sources */ = {isa = PBXBuildFile; fileRef = 62095D0E1D1BE2B0008E210F /* XXBNetWorkExtion.m */; };
		62095D2C1D1BE2B0008E210F /* XXBNetworkServers.m in Sources */ = {isa = PBXBuildFile; fileRef = 62095D101D1BE2B0008E210F /* XXBNetworkServers.m */; };
		62095D2D1D1BE2B0008E210F /* XXBSystemHelp.m in Sources */ = {isa = PBXBuildFile; fileRef = 62095D131D1BE2B0008E210F /* XXBSystemHelp.m */; };
		62095D2E1D1BE2B0008E210F /* XXBTextField.m in Sources */ = {isa = PBXBuildFile; fileRef = 62095D151D1BE2B0008E210F /* XXBTextField.m */; };
		62095D2F1D1BE2B0008E210F /* Reachability.m in Sources */ = {isa = PBXBuildFile; fileRef = 62095D191D1BE2B0008E210F /* Reachability.m */; };
		62C002D61B8B1D9300EDE6D9 /* main.m in Sources */ = {isa = PBXBuildFile; fileRef = 62C002D51B8B1D9300EDE6D9 /* main.m */; };
		62C002D91B8B1D9300EDE6D9 /* AppDelegate.m in Sources */ = {isa = PBXBuildFile; fileRef = 62C002D81B8B1D9300EDE6D9 /* AppDelegate.m */; };
		62C002DC1B8B1D9300EDE6D9 /* ViewController.m in Sources */ = {isa = PBXBuildFile; fileRef = 62C002DB1B8B1D9300EDE6D9 /* ViewController.m */; };
		62C002DF1B8B1D9300EDE6D9 /* Main.storyboard in Resources */ = {isa = PBXBuildFile; fileRef = 62C002DD1B8B1D9300EDE6D9 /* Main.storyboard */; };
		62C002E11B8B1D9300EDE6D9 /* Images.xcassets in Resources */ = {isa = PBXBuildFile; fileRef = 62C002E01B8B1D9300EDE6D9 /* Images.xcassets */; };
		62C002E41B8B1D9300EDE6D9 /* LaunchScreen.xib in Resources */ = {isa = PBXBuildFile; fileRef = 62C002E21B8B1D9300EDE6D9 /* LaunchScreen.xib */; };
		62D5F89E1D6C94900019BC17 /* MBProgressHUD+XXB.m in Sources */ = {isa = PBXBuildFile; fileRef = 62D5F89A1D6C94900019BC17 /* MBProgressHUD+XXB.m */; };
		62D5F89F1D6C94900019BC17 /* MBProgressHUD.bundle in Resources */ = {isa = PBXBuildFile; fileRef = 62D5F89B1D6C94900019BC17 /* MBProgressHUD.bundle */; };
		62D5F8A01D6C94900019BC17 /* MBProgressHUD.m in Sources */ = {isa = PBXBuildFile; fileRef = 62D5F89D1D6C94900019BC17 /* MBProgressHUD.m */; };
		94E8BB4787D1E3F2B705E1C2 /* Pods_XXBLibDemo.framework in Frameworks */ = {isa = PBXBuildFile; fileRef = 654627DAC08776F2C928381F /* Pods_XXBLibDemo.framework */; };
/* End PBXBuildFile section */

/* Begin PBXFileReference section */
		62095CEC1D1BE2B0008E210F /* NSArray+XXB.h */ = {isa = PBXFileReference; fileEncoding = 4; lastKnownFileType = sourcecode.c.h; path = "NSArray+XXB.h"; sourceTree = "<group>"; };
		62095CED1D1BE2B0008E210F /* NSArray+XXB.m */ = {isa = PBXFileReference; fileEncoding = 4; lastKnownFileType = sourcecode.c.objc; path = "NSArray+XXB.m"; sourceTree = "<group>"; };
		62095CEE1D1BE2B0008E210F /* NSData+Help.h */ = {isa = PBXFileReference; fileEncoding = 4; lastKnownFileType = sourcecode.c.h; path = "NSData+Help.h"; sourceTree = "<group>"; };
		62095CEF1D1BE2B0008E210F /* NSData+Help.m */ = {isa = PBXFileReference; fileEncoding = 4; lastKnownFileType = sourcecode.c.objc; path = "NSData+Help.m"; sourceTree = "<group>"; };
		62095CF01D1BE2B0008E210F /* NSDate+Help.h */ = {isa = PBXFileReference; fileEncoding = 4; lastKnownFileType = sourcecode.c.h; path = "NSDate+Help.h"; sourceTree = "<group>"; };
		62095CF11D1BE2B0008E210F /* NSDate+Help.m */ = {isa = PBXFileReference; fileEncoding = 4; lastKnownFileType = sourcecode.c.objc; path = "NSDate+Help.m"; sourceTree = "<group>"; };
		62095CF21D1BE2B0008E210F /* NSDictionary+XXB.h */ = {isa = PBXFileReference; fileEncoding = 4; lastKnownFileType = sourcecode.c.h; path = "NSDictionary+XXB.h"; sourceTree = "<group>"; };
		62095CF31D1BE2B0008E210F /* NSDictionary+XXB.m */ = {isa = PBXFileReference; fileEncoding = 4; lastKnownFileType = sourcecode.c.objc; path = "NSDictionary+XXB.m"; sourceTree = "<group>"; };
		62095CF41D1BE2B0008E210F /* NSString+Help.h */ = {isa = PBXFileReference; fileEncoding = 4; lastKnownFileType = sourcecode.c.h; path = "NSString+Help.h"; sourceTree = "<group>"; };
		62095CF51D1BE2B0008E210F /* NSString+Help.m */ = {isa = PBXFileReference; fileEncoding = 4; lastKnownFileType = sourcecode.c.objc; path = "NSString+Help.m"; sourceTree = "<group>"; };
		62095CF61D1BE2B0008E210F /* UIBarButtonItem+Help.h */ = {isa = PBXFileReference; fileEncoding = 4; lastKnownFileType = sourcecode.c.h; path = "UIBarButtonItem+Help.h"; sourceTree = "<group>"; };
		62095CF71D1BE2B0008E210F /* UIBarButtonItem+Help.m */ = {isa = PBXFileReference; fileEncoding = 4; lastKnownFileType = sourcecode.c.objc; path = "UIBarButtonItem+Help.m"; sourceTree = "<group>"; };
		62095CF81D1BE2B0008E210F /* UIColor+Help.h */ = {isa = PBXFileReference; fileEncoding = 4; lastKnownFileType = sourcecode.c.h; path = "UIColor+Help.h"; sourceTree = "<group>"; };
		62095CF91D1BE2B0008E210F /* UIColor+Help.m */ = {isa = PBXFileReference; fileEncoding = 4; lastKnownFileType = sourcecode.c.objc; path = "UIColor+Help.m"; sourceTree = "<group>"; };
		62095CFA1D1BE2B0008E210F /* UIImage+Help.h */ = {isa = PBXFileReference; fileEncoding = 4; lastKnownFileType = sourcecode.c.h; path = "UIImage+Help.h"; sourceTree = "<group>"; };
		62095CFB1D1BE2B0008E210F /* UIImage+Help.m */ = {isa = PBXFileReference; fileEncoding = 4; lastKnownFileType = sourcecode.c.objc; path = "UIImage+Help.m"; sourceTree = "<group>"; };
		62095CFC1D1BE2B0008E210F /* UIView+Help.h */ = {isa = PBXFileReference; fileEncoding = 4; lastKnownFileType = sourcecode.c.h; path = "UIView+Help.h"; sourceTree = "<group>"; };
		62095CFD1D1BE2B0008E210F /* UIView+Help.m */ = {isa = PBXFileReference; fileEncoding = 4; lastKnownFileType = sourcecode.c.objc; path = "UIView+Help.m"; sourceTree = "<group>"; };
		62095CFE1D1BE2B0008E210F /* UIView+MotionEffect.h */ = {isa = PBXFileReference; fileEncoding = 4; lastKnownFileType = sourcecode.c.h; path = "UIView+MotionEffect.h"; sourceTree = "<group>"; };
		62095CFF1D1BE2B0008E210F /* UIView+MotionEffect.m */ = {isa = PBXFileReference; fileEncoding = 4; lastKnownFileType = sourcecode.c.objc; path = "UIView+MotionEffect.m"; sourceTree = "<group>"; };
		62095D011D1BE2B0008E210F /* XXBDeviceHelp.h */ = {isa = PBXFileReference; fileEncoding = 4; lastKnownFileType = sourcecode.c.h; path = XXBDeviceHelp.h; sourceTree = "<group>"; };
		62095D021D1BE2B0008E210F /* XXBDeviceHelp.m */ = {isa = PBXFileReference; fileEncoding = 4; lastKnownFileType = sourcecode.c.objc; path = XXBDeviceHelp.m; sourceTree = "<group>"; };
		62095D031D1BE2B0008E210F /* XXBDiskHelp.h */ = {isa = PBXFileReference; fileEncoding = 4; lastKnownFileType = sourcecode.c.h; path = XXBDiskHelp.h; sourceTree = "<group>"; };
		62095D041D1BE2B0008E210F /* XXBDiskHelp.m */ = {isa = PBXFileReference; fileEncoding = 4; lastKnownFileType = sourcecode.c.objc; path = XXBDiskHelp.m; sourceTree = "<group>"; };
		62095D051D1BE2B0008E210F /* XXBFileHelper.h */ = {isa = PBXFileReference; fileEncoding = 4; lastKnownFileType = sourcecode.c.h; path = XXBFileHelper.h; sourceTree = "<group>"; };
		62095D061D1BE2B0008E210F /* XXBFileHelper.m */ = {isa = PBXFileReference; fileEncoding = 4; lastKnownFileType = sourcecode.c.objc; path = XXBFileHelper.m; sourceTree = "<group>"; };
		62095D071D1BE2B0008E210F /* XXBFPSLabel.h */ = {isa = PBXFileReference; fileEncoding = 4; lastKnownFileType = sourcecode.c.h; path = XXBFPSLabel.h; sourceTree = "<group>"; };
		62095D081D1BE2B0008E210F /* XXBFPSLabel.m */ = {isa = PBXFileReference; fileEncoding = 4; lastKnownFileType = sourcecode.c.objc; path = XXBFPSLabel.m; sourceTree = "<group>"; };
		62095D091D1BE2B0008E210F /* XXBHelpTools.h */ = {isa = PBXFileReference; fileEncoding = 4; lastKnownFileType = sourcecode.c.h; path = XXBHelpTools.h; sourceTree = "<group>"; };
		62095D0A1D1BE2B0008E210F /* XXBHelpTools.m */ = {isa = PBXFileReference; fileEncoding = 4; lastKnownFileType = sourcecode.c.objc; path = XXBHelpTools.m; sourceTree = "<group>"; };
		62095D0B1D1BE2B0008E210F /* XXBLog.h */ = {isa = PBXFileReference; fileEncoding = 4; lastKnownFileType = sourcecode.c.h; path = XXBLog.h; sourceTree = "<group>"; };
		62095D0C1D1BE2B0008E210F /* XXBLog.m */ = {isa = PBXFileReference; fileEncoding = 4; lastKnownFileType = sourcecode.c.objc; path = XXBLog.m; sourceTree = "<group>"; };
		62095D0D1D1BE2B0008E210F /* XXBNetWorkExtion.h */ = {isa = PBXFileReference; fileEncoding = 4; lastKnownFileType = sourcecode.c.h; path = XXBNetWorkExtion.h; sourceTree = "<group>"; };
		62095D0E1D1BE2B0008E210F /* XXBNetWorkExtion.m */ = {isa = PBXFileReference; fileEncoding = 4; lastKnownFileType = sourcecode.c.objc; path = XXBNetWorkExtion.m; sourceTree = "<group>"; };
		62095D0F1D1BE2B0008E210F /* XXBNetworkServers.h */ = {isa = PBXFileReference; fileEncoding = 4; lastKnownFileType = sourcecode.c.h; path = XXBNetworkServers.h; sourceTree = "<group>"; };
		62095D101D1BE2B0008E210F /* XXBNetworkServers.m */ = {isa = PBXFileReference; fileEncoding = 4; lastKnownFileType = sourcecode.c.objc; path = XXBNetworkServers.m; sourceTree = "<group>"; };
		62095D111D1BE2B0008E210F /* XXBSingleton.h */ = {isa = PBXFileReference; fileEncoding = 4; lastKnownFileType = sourcecode.c.h; path = XXBSingleton.h; sourceTree = "<group>"; };
		62095D121D1BE2B0008E210F /* XXBSystemHelp.h */ = {isa = PBXFileReference; fileEncoding = 4; lastKnownFileType = sourcecode.c.h; path = XXBSystemHelp.h; sourceTree = "<group>"; };
		62095D131D1BE2B0008E210F /* XXBSystemHelp.m */ = {isa = PBXFileReference; fileEncoding = 4; lastKnownFileType = sourcecode.c.objc; path = XXBSystemHelp.m; sourceTree = "<group>"; };
		62095D141D1BE2B0008E210F /* XXBTextField.h */ = {isa = PBXFileReference; fileEncoding = 4; lastKnownFileType = sourcecode.c.h; path = XXBTextField.h; sourceTree = "<group>"; };
		62095D151D1BE2B0008E210F /* XXBTextField.m */ = {isa = PBXFileReference; fileEncoding = 4; lastKnownFileType = sourcecode.c.objc; path = XXBTextField.m; sourceTree = "<group>"; };
		62095D181D1BE2B0008E210F /* Reachability.h */ = {isa = PBXFileReference; fileEncoding = 4; lastKnownFileType = sourcecode.c.h; path = Reachability.h; sourceTree = "<group>"; };
		62095D191D1BE2B0008E210F /* Reachability.m */ = {isa = PBXFileReference; fileEncoding = 4; lastKnownFileType = sourcecode.c.objc; path = Reachability.m; sourceTree = "<group>"; };
		62095D1A1D1BE2B0008E210F /* XXBLibs.h */ = {isa = PBXFileReference; fileEncoding = 4; lastKnownFileType = sourcecode.c.h; path = XXBLibs.h; sourceTree = "<group>"; };
		62C002D01B8B1D9300EDE6D9 /* XXBLibDemo.app */ = {isa = PBXFileReference; explicitFileType = wrapper.application; includeInIndex = 0; path = XXBLibDemo.app; sourceTree = BUILT_PRODUCTS_DIR; };
		62C002D41B8B1D9300EDE6D9 /* Info.plist */ = {isa = PBXFileReference; lastKnownFileType = text.plist.xml; path = Info.plist; sourceTree = "<group>"; };
		62C002D51B8B1D9300EDE6D9 /* main.m */ = {isa = PBXFileReference; lastKnownFileType = sourcecode.c.objc; path = main.m; sourceTree = "<group>"; };
		62C002D71B8B1D9300EDE6D9 /* AppDelegate.h */ = {isa = PBXFileReference; lastKnownFileType = sourcecode.c.h; path = AppDelegate.h; sourceTree = "<group>"; };
		62C002D81B8B1D9300EDE6D9 /* AppDelegate.m */ = {isa = PBXFileReference; lastKnownFileType = sourcecode.c.objc; path = AppDelegate.m; sourceTree = "<group>"; };
		62C002DA1B8B1D9300EDE6D9 /* ViewController.h */ = {isa = PBXFileReference; lastKnownFileType = sourcecode.c.h; path = ViewController.h; sourceTree = "<group>"; };
		62C002DB1B8B1D9300EDE6D9 /* ViewController.m */ = {isa = PBXFileReference; lastKnownFileType = sourcecode.c.objc; path = ViewController.m; sourceTree = "<group>"; };
		62C002DE1B8B1D9300EDE6D9 /* Base */ = {isa = PBXFileReference; lastKnownFileType = file.storyboard; name = Base; path = Base.lproj/Main.storyboard; sourceTree = "<group>"; };
		62C002E01B8B1D9300EDE6D9 /* Images.xcassets */ = {isa = PBXFileReference; lastKnownFileType = folder.assetcatalog; path = Images.xcassets; sourceTree = "<group>"; };
		62C002E31B8B1D9300EDE6D9 /* Base */ = {isa = PBXFileReference; lastKnownFileType = file.xib; name = Base; path = Base.lproj/LaunchScreen.xib; sourceTree = "<group>"; };
		62D5F8991D6C94900019BC17 /* MBProgressHUD+XXB.h */ = {isa = PBXFileReference; fileEncoding = 4; lastKnownFileType = sourcecode.c.h; path = "MBProgressHUD+XXB.h"; sourceTree = "<group>"; };
		62D5F89A1D6C94900019BC17 /* MBProgressHUD+XXB.m */ = {isa = PBXFileReference; fileEncoding = 4; lastKnownFileType = sourcecode.c.objc; path = "MBProgressHUD+XXB.m"; sourceTree = "<group>"; };
		62D5F89B1D6C94900019BC17 /* MBProgressHUD.bundle */ = {isa = PBXFileReference; lastKnownFileType = "wrapper.plug-in"; path = MBProgressHUD.bundle; sourceTree = "<group>"; };
		62D5F89C1D6C94900019BC17 /* MBProgressHUD.h */ = {isa = PBXFileReference; fileEncoding = 4; lastKnownFileType = sourcecode.c.h; path = MBProgressHUD.h; sourceTree = "<group>"; };
		62D5F89D1D6C94900019BC17 /* MBProgressHUD.m */ = {isa = PBXFileReference; fileEncoding = 4; lastKnownFileType = sourcecode.c.objc; path = MBProgressHUD.m; sourceTree = "<group>"; };
		654627DAC08776F2C928381F /* Pods_XXBLibDemo.framework */ = {isa = PBXFileReference; explicitFileType = wrapper.framework; includeInIndex = 0; path = Pods_XXBLibDemo.framework; sourceTree = BUILT_PRODUCTS_DIR; };
		745B682AF52108CD42B9F99D /* Pods-XXBLibDemo.debug.xcconfig */ = {isa = PBXFileReference; includeInIndex = 1; lastKnownFileType = text.xcconfig; name = "Pods-XXBLibDemo.debug.xcconfig"; path = "Pods/Target Support Files/Pods-XXBLibDemo/Pods-XXBLibDemo.debug.xcconfig"; sourceTree = "<group>"; };
		817C1F7E9E711FD19885842D /* Pods-XXBLibDemo.release.xcconfig */ = {isa = PBXFileReference; includeInIndex = 1; lastKnownFileType = text.xcconfig; name = "Pods-XXBLibDemo.release.xcconfig"; path = "Pods/Target Support Files/Pods-XXBLibDemo/Pods-XXBLibDemo.release.xcconfig"; sourceTree = "<group>"; };
/* End PBXFileReference section */

/* Begin PBXFrameworksBuildPhase section */
		62C002CD1B8B1D9300EDE6D9 /* Frameworks */ = {
			isa = PBXFrameworksBuildPhase;
			buildActionMask = 2147483647;
			files = (
				94E8BB4787D1E3F2B705E1C2 /* Pods_XXBLibDemo.framework in Frameworks */,
			);
			runOnlyForDeploymentPostprocessing = 0;
		};
/* End PBXFrameworksBuildPhase section */

/* Begin PBXGroup section */
		534D932E214286CE78556C59 /* Pods */ = {
			isa = PBXGroup;
			children = (
				745B682AF52108CD42B9F99D /* Pods-XXBLibDemo.debug.xcconfig */,
				817C1F7E9E711FD19885842D /* Pods-XXBLibDemo.release.xcconfig */,
			);
			name = Pods;
			sourceTree = "<group>";
		};
		62095CEA1D1BE2B0008E210F /* XXBLib */ = {
			isa = PBXGroup;
			children = (
				62095CEB1D1BE2B0008E210F /* Category */,
				62095D001D1BE2B0008E210F /* Class */,
				62095D161D1BE2B0008E210F /* Others */,
				62095D1A1D1BE2B0008E210F /* XXBLibs.h */,
			);
			name = XXBLib;
			path = ../../XXBLib;
			sourceTree = "<group>";
		};
		62095CEB1D1BE2B0008E210F /* Category */ = {
			isa = PBXGroup;
			children = (
				62095CEC1D1BE2B0008E210F /* NSArray+XXB.h */,
				62095CED1D1BE2B0008E210F /* NSArray+XXB.m */,
				62095CEE1D1BE2B0008E210F /* NSData+Help.h */,
				62095CEF1D1BE2B0008E210F /* NSData+Help.m */,
				62095CF01D1BE2B0008E210F /* NSDate+Help.h */,
				62095CF11D1BE2B0008E210F /* NSDate+Help.m */,
				62095CF21D1BE2B0008E210F /* NSDictionary+XXB.h */,
				62095CF31D1BE2B0008E210F /* NSDictionary+XXB.m */,
				62095CF41D1BE2B0008E210F /* NSString+Help.h */,
				62095CF51D1BE2B0008E210F /* NSString+Help.m */,
				62095CF61D1BE2B0008E210F /* UIBarButtonItem+Help.h */,
				62095CF71D1BE2B0008E210F /* UIBarButtonItem+Help.m */,
				62095CF81D1BE2B0008E210F /* UIColor+Help.h */,
				62095CF91D1BE2B0008E210F /* UIColor+Help.m */,
				62095CFA1D1BE2B0008E210F /* UIImage+Help.h */,
				62095CFB1D1BE2B0008E210F /* UIImage+Help.m */,
				62095CFC1D1BE2B0008E210F /* UIView+Help.h */,
				62095CFD1D1BE2B0008E210F /* UIView+Help.m */,
				62095CFE1D1BE2B0008E210F /* UIView+MotionEffect.h */,
				62095CFF1D1BE2B0008E210F /* UIView+MotionEffect.m */,
			);
			path = Category;
			sourceTree = "<group>";
		};
		62095D001D1BE2B0008E210F /* Class */ = {
			isa = PBXGroup;
			children = (
				62095D011D1BE2B0008E210F /* XXBDeviceHelp.h */,
				62095D021D1BE2B0008E210F /* XXBDeviceHelp.m */,
				62095D031D1BE2B0008E210F /* XXBDiskHelp.h */,
				62095D041D1BE2B0008E210F /* XXBDiskHelp.m */,
				62095D051D1BE2B0008E210F /* XXBFileHelper.h */,
				62095D061D1BE2B0008E210F /* XXBFileHelper.m */,
				62095D071D1BE2B0008E210F /* XXBFPSLabel.h */,
				62095D081D1BE2B0008E210F /* XXBFPSLabel.m */,
				62095D091D1BE2B0008E210F /* XXBHelpTools.h */,
				62095D0A1D1BE2B0008E210F /* XXBHelpTools.m */,
				62095D0B1D1BE2B0008E210F /* XXBLog.h */,
				62095D0C1D1BE2B0008E210F /* XXBLog.m */,
				62095D0D1D1BE2B0008E210F /* XXBNetWorkExtion.h */,
				62095D0E1D1BE2B0008E210F /* XXBNetWorkExtion.m */,
				62095D0F1D1BE2B0008E210F /* XXBNetworkServers.h */,
				62095D101D1BE2B0008E210F /* XXBNetworkServers.m */,
				62095D111D1BE2B0008E210F /* XXBSingleton.h */,
				62095D121D1BE2B0008E210F /* XXBSystemHelp.h */,
				62095D131D1BE2B0008E210F /* XXBSystemHelp.m */,
				62095D141D1BE2B0008E210F /* XXBTextField.h */,
				62095D151D1BE2B0008E210F /* XXBTextField.m */,
			);
			path = Class;
			sourceTree = "<group>";
		};
		62095D161D1BE2B0008E210F /* Others */ = {
			isa = PBXGroup;
			children = (
				62095D171D1BE2B0008E210F /* Reachability */,
			);
			path = Others;
			sourceTree = "<group>";
		};
		62095D171D1BE2B0008E210F /* Reachability */ = {
			isa = PBXGroup;
			children = (
				62095D181D1BE2B0008E210F /* Reachability.h */,
				62095D191D1BE2B0008E210F /* Reachability.m */,
			);
			path = Reachability;
			sourceTree = "<group>";
		};
		62C002C71B8B1D9300EDE6D9 = {
			isa = PBXGroup;
			children = (
				62C002D21B8B1D9300EDE6D9 /* XXBLibDemo */,
				62C002D11B8B1D9300EDE6D9 /* Products */,
				534D932E214286CE78556C59 /* Pods */,
				B6FEF7B373660034EAB02E73 /* Frameworks */,
			);
			sourceTree = "<group>";
		};
		62C002D11B8B1D9300EDE6D9 /* Products */ = {
			isa = PBXGroup;
			children = (
				62C002D01B8B1D9300EDE6D9 /* XXBLibDemo.app */,
			);
			name = Products;
			sourceTree = "<group>";
		};
		62C002D21B8B1D9300EDE6D9 /* XXBLibDemo */ = {
			isa = PBXGroup;
			children = (
				62D5F8981D6C94900019BC17 /* MBProgressHUD */,
				62095CEA1D1BE2B0008E210F /* XXBLib */,
				62C002D71B8B1D9300EDE6D9 /* AppDelegate.h */,
				62C002D81B8B1D9300EDE6D9 /* AppDelegate.m */,
				62C002DA1B8B1D9300EDE6D9 /* ViewController.h */,
				62C002DB1B8B1D9300EDE6D9 /* ViewController.m */,
				62C002DD1B8B1D9300EDE6D9 /* Main.storyboard */,
				62C002E01B8B1D9300EDE6D9 /* Images.xcassets */,
				62C002E21B8B1D9300EDE6D9 /* LaunchScreen.xib */,
				62C002D31B8B1D9300EDE6D9 /* Supporting Files */,
			);
			path = XXBLibDemo;
			sourceTree = "<group>";
		};
		62C002D31B8B1D9300EDE6D9 /* Supporting Files */ = {
			isa = PBXGroup;
			children = (
				62C002D41B8B1D9300EDE6D9 /* Info.plist */,
				62C002D51B8B1D9300EDE6D9 /* main.m */,
			);
			name = "Supporting Files";
			sourceTree = "<group>";
		};
		62D5F8981D6C94900019BC17 /* MBProgressHUD */ = {
			isa = PBXGroup;
			children = (
				62D5F8991D6C94900019BC17 /* MBProgressHUD+XXB.h */,
				62D5F89A1D6C94900019BC17 /* MBProgressHUD+XXB.m */,
				62D5F89B1D6C94900019BC17 /* MBProgressHUD.bundle */,
				62D5F89C1D6C94900019BC17 /* MBProgressHUD.h */,
				62D5F89D1D6C94900019BC17 /* MBProgressHUD.m */,
			);
			name = MBProgressHUD;
			path = ../../MBProgressHUD;
			sourceTree = "<group>";
		};
		B6FEF7B373660034EAB02E73 /* Frameworks */ = {
			isa = PBXGroup;
			children = (
				654627DAC08776F2C928381F /* Pods_XXBLibDemo.framework */,
			);
			name = Frameworks;
			sourceTree = "<group>";
		};
/* End PBXGroup section */

/* Begin PBXNativeTarget section */
		62C002CF1B8B1D9300EDE6D9 /* XXBLibDemo */ = {
			isa = PBXNativeTarget;
			buildConfigurationList = 62C002F31B8B1D9300EDE6D9 /* Build configuration list for PBXNativeTarget "XXBLibDemo" */;
			buildPhases = (
				AC4ACF82CF3134C80BDD261E /* [CP] Check Pods Manifest.lock */,
				62C002CC1B8B1D9300EDE6D9 /* Sources */,
				62C002CD1B8B1D9300EDE6D9 /* Frameworks */,
				62C002CE1B8B1D9300EDE6D9 /* Resources */,
				75783417EE933565C5A99C9D /* [CP] Embed Pods Frameworks */,
				D2334907E46DB1FD1CF77F40 /* [CP] Copy Pods Resources */,
			);
			buildRules = (
			);
			dependencies = (
			);
			name = XXBLibDemo;
			productName = XXBLibDemo;
			productReference = 62C002D01B8B1D9300EDE6D9 /* XXBLibDemo.app */;
			productType = "com.apple.product-type.application";
		};
/* End PBXNativeTarget section */

/* Begin PBXProject section */
		62C002C81B8B1D9300EDE6D9 /* Project object */ = {
			isa = PBXProject;
			attributes = {
				LastUpgradeCheck = 0710;
				ORGANIZATIONNAME = "杨小兵";
				TargetAttributes = {
					62C002CF1B8B1D9300EDE6D9 = {
						CreatedOnToolsVersion = 6.4;
					};
				};
			};
			buildConfigurationList = 62C002CB1B8B1D9300EDE6D9 /* Build configuration list for PBXProject "XXBLibDemo" */;
			compatibilityVersion = "Xcode 3.2";
			developmentRegion = English;
			hasScannedForEncodings = 0;
			knownRegions = (
				en,
				Base,
			);
			mainGroup = 62C002C71B8B1D9300EDE6D9;
			productRefGroup = 62C002D11B8B1D9300EDE6D9 /* Products */;
			projectDirPath = "";
			projectRoot = "";
			targets = (
				62C002CF1B8B1D9300EDE6D9 /* XXBLibDemo */,
			);
		};
/* End PBXProject section */

/* Begin PBXResourcesBuildPhase section */
		62C002CE1B8B1D9300EDE6D9 /* Resources */ = {
			isa = PBXResourcesBuildPhase;
			buildActionMask = 2147483647;
			files = (
				62C002DF1B8B1D9300EDE6D9 /* Main.storyboard in Resources */,
				62D5F89F1D6C94900019BC17 /* MBProgressHUD.bundle in Resources */,
				62C002E41B8B1D9300EDE6D9 /* LaunchScreen.xib in Resources */,
				62C002E11B8B1D9300EDE6D9 /* Images.xcassets in Resources */,
			);
			runOnlyForDeploymentPostprocessing = 0;
		};
/* End PBXResourcesBuildPhase section */

/* Begin PBXShellScriptBuildPhase section */
		75783417EE933565C5A99C9D /* [CP] Embed Pods Frameworks */ = {
			isa = PBXShellScriptBuildPhase;
			buildActionMask = 2147483647;
			files = (
			);
			inputPaths = (
			);
			name = "[CP] Embed Pods Frameworks";
			outputPaths = (
			);
			runOnlyForDeploymentPostprocessing = 0;
			shellPath = /bin/sh;
			shellScript = "\"${SRCROOT}/Pods/Target Support Files/Pods-XXBLibDemo/Pods-XXBLibDemo-frameworks.sh\"\n";
			showEnvVarsInLog = 0;
		};
		AC4ACF82CF3134C80BDD261E /* [CP] Check Pods Manifest.lock */ = {
			isa = PBXShellScriptBuildPhase;
			buildActionMask = 2147483647;
			files = (
			);
			inputPaths = (
			);
			name = "[CP] Check Pods Manifest.lock";
			outputPaths = (
			);
			runOnlyForDeploymentPostprocessing = 0;
			shellPath = /bin/sh;
			shellScript = "diff \"${PODS_ROOT}/../Podfile.lock\" \"${PODS_ROOT}/Manifest.lock\" > /dev/null\nif [[ $? != 0 ]] ; then\n    cat << EOM\nerror: The sandbox is not in sync with the Podfile.lock. Run 'pod install' or update your CocoaPods installation.\nEOM\n    exit 1\nfi\n";
			showEnvVarsInLog = 0;
		};
		D2334907E46DB1FD1CF77F40 /* [CP] Copy Pods Resources */ = {
			isa = PBXShellScriptBuildPhase;
			buildActionMask = 2147483647;
			files = (
			);
			inputPaths = (
			);
			name = "[CP] Copy Pods Resources";
			outputPaths = (
			);
			runOnlyForDeploymentPostprocessing = 0;
			shellPath = /bin/sh;
			shellScript = "\"${SRCROOT}/Pods/Target Support Files/Pods-XXBLibDemo/Pods-XXBLibDemo-resources.sh\"\n";
			showEnvVarsInLog = 0;
		};
/* End PBXShellScriptBuildPhase section */

/* Begin PBXSourcesBuildPhase section */
		62C002CC1B8B1D9300EDE6D9 /* Sources */ = {
			isa = PBXSourcesBuildPhase;
			buildActionMask = 2147483647;
			files = (
				62095D2C1D1BE2B0008E210F /* XXBNetworkServers.m in Sources */,
				62C002DC1B8B1D9300EDE6D9 /* ViewController.m in Sources */,
				62095D221D1BE2B0008E210F /* UIImage+Help.m in Sources */,
				62095D1B1D1BE2B0008E210F /* NSArray+XXB.m in Sources */,
				62095D201D1BE2B0008E210F /* UIBarButtonItem+Help.m in Sources */,
				62C002D91B8B1D9300EDE6D9 /* AppDelegate.m in Sources */,
				62095D2E1D1BE2B0008E210F /* XXBTextField.m in Sources */,
				62095D251D1BE2B0008E210F /* XXBDeviceHelp.m in Sources */,
				62095D211D1BE2B0008E210F /* UIColor+Help.m in Sources */,
				62D5F8A01D6C94900019BC17 /* MBProgressHUD.m in Sources */,
				62095D2D1D1BE2B0008E210F /* XXBSystemHelp.m in Sources */,
				62095D2F1D1BE2B0008E210F /* Reachability.m in Sources */,
				62D5F89E1D6C94900019BC17 /* MBProgressHUD+XXB.m in Sources */,
				62C002D61B8B1D9300EDE6D9 /* main.m in Sources */,
				62095D2B1D1BE2B0008E210F /* XXBNetWorkExtion.m in Sources */,
				62095D1E1D1BE2B0008E210F /* NSDictionary+XXB.m in Sources */,
				62095D291D1BE2B0008E210F /* XXBHelpTools.m in Sources */,
				62095D281D1BE2B0008E210F /* XXBFPSLabel.m in Sources */,
				62095D1C1D1BE2B0008E210F /* NSData+Help.m in Sources */,
				62095D261D1BE2B0008E210F /* XXBDiskHelp.m in Sources */,
				62095D2A1D1BE2B0008E210F /* XXBLog.m in Sources */,
				62095D241D1BE2B0008E210F /* UIView+MotionEffect.m in Sources */,
				62095D271D1BE2B0008E210F /* XXBFileHelper.m in Sources */,
				62095D231D1BE2B0008E210F /* UIView+Help.m in Sources */,
				62095D1F1D1BE2B0008E210F /* NSString+Help.m in Sources */,
				62095D1D1D1BE2B0008E210F /* NSDate+Help.m in Sources */,
			);
			runOnlyForDeploymentPostprocessing = 0;
		};
/* End PBXSourcesBuildPhase section */

/* Begin PBXVariantGroup section */
		62C002DD1B8B1D9300EDE6D9 /* Main.storyboard */ = {
			isa = PBXVariantGroup;
			children = (
				62C002DE1B8B1D9300EDE6D9 /* Base */,
			);
			name = Main.storyboard;
			sourceTree = "<group>";
		};
		62C002E21B8B1D9300EDE6D9 /* LaunchScreen.xib */ = {
			isa = PBXVariantGroup;
			children = (
				62C002E31B8B1D9300EDE6D9 /* Base */,
			);
			name = LaunchScreen.xib;
			sourceTree = "<group>";
		};
/* End PBXVariantGroup section */

/* Begin XCBuildConfiguration section */
		62C002F11B8B1D9300EDE6D9 /* Debug */ = {
			isa = XCBuildConfiguration;
			buildSettings = {
				ALWAYS_SEARCH_USER_PATHS = NO;
				CLANG_CXX_LANGUAGE_STANDARD = "gnu++0x";
				CLANG_CXX_LIBRARY = "libc++";
				CLANG_ENABLE_MODULES = YES;
				CLANG_ENABLE_OBJC_ARC = YES;
				CLANG_WARN_BOOL_CONVERSION = YES;
				CLANG_WARN_CONSTANT_CONVERSION = YES;
				CLANG_WARN_DIRECT_OBJC_ISA_USAGE = YES_ERROR;
				CLANG_WARN_EMPTY_BODY = YES;
				CLANG_WARN_ENUM_CONVERSION = YES;
				CLANG_WARN_INT_CONVERSION = YES;
				CLANG_WARN_OBJC_ROOT_CLASS = YES_ERROR;
				CLANG_WARN_UNREACHABLE_CODE = YES;
				CLANG_WARN__DUPLICATE_METHOD_MATCH = YES;
				"CODE_SIGN_IDENTITY[sdk=iphoneos*]" = "iPhone Developer";
				COPY_PHASE_STRIP = NO;
				DEBUG_INFORMATION_FORMAT = "dwarf-with-dsym";
				ENABLE_STRICT_OBJC_MSGSEND = YES;
				ENABLE_TESTABILITY = YES;
				GCC_C_LANGUAGE_STANDARD = gnu99;
				GCC_DYNAMIC_NO_PIC = NO;
				GCC_NO_COMMON_BLOCKS = YES;
				GCC_OPTIMIZATION_LEVEL = 0;
				GCC_PREPROCESSOR_DEFINITIONS = (
					"DEBUG=1",
					"$(inherited)",
				);
				GCC_SYMBOLS_PRIVATE_EXTERN = NO;
				GCC_WARN_64_TO_32_BIT_CONVERSION = YES;
				GCC_WARN_ABOUT_RETURN_TYPE = YES_ERROR;
				GCC_WARN_UNDECLARED_SELECTOR = YES;
				GCC_WARN_UNINITIALIZED_AUTOS = YES_AGGRESSIVE;
				GCC_WARN_UNUSED_FUNCTION = YES;
				GCC_WARN_UNUSED_VARIABLE = YES;
				IPHONEOS_DEPLOYMENT_TARGET = 8.4;
				MTL_ENABLE_DEBUG_INFO = YES;
				ONLY_ACTIVE_ARCH = YES;
				SDKROOT = iphoneos;
				TARGETED_DEVICE_FAMILY = "1,2";
			};
			name = Debug;
		};
		62C002F21B8B1D9300EDE6D9 /* Release */ = {
			isa = XCBuildConfiguration;
			buildSettings = {
				ALWAYS_SEARCH_USER_PATHS = NO;
				CLANG_CXX_LANGUAGE_STANDARD = "gnu++0x";
				CLANG_CXX_LIBRARY = "libc++";
				CLANG_ENABLE_MODULES = YES;
				CLANG_ENABLE_OBJC_ARC = YES;
				CLANG_WARN_BOOL_CONVERSION = YES;
				CLANG_WARN_CONSTANT_CONVERSION = YES;
				CLANG_WARN_DIRECT_OBJC_ISA_USAGE = YES_ERROR;
				CLANG_WARN_EMPTY_BODY = YES;
				CLANG_WARN_ENUM_CONVERSION = YES;
				CLANG_WARN_INT_CONVERSION = YES;
				CLANG_WARN_OBJC_ROOT_CLASS = YES_ERROR;
				CLANG_WARN_UNREACHABLE_CODE = YES;
				CLANG_WARN__DUPLICATE_METHOD_MATCH = YES;
				"CODE_SIGN_IDENTITY[sdk=iphoneos*]" = "iPhone Developer";
				COPY_PHASE_STRIP = NO;
				DEBUG_INFORMATION_FORMAT = "dwarf-with-dsym";
				ENABLE_NS_ASSERTIONS = NO;
				ENABLE_STRICT_OBJC_MSGSEND = YES;
				GCC_C_LANGUAGE_STANDARD = gnu99;
				GCC_NO_COMMON_BLOCKS = YES;
				GCC_WARN_64_TO_32_BIT_CONVERSION = YES;
				GCC_WARN_ABOUT_RETURN_TYPE = YES_ERROR;
				GCC_WARN_UNDECLARED_SELECTOR = YES;
				GCC_WARN_UNINITIALIZED_AUTOS = YES_AGGRESSIVE;
				GCC_WARN_UNUSED_FUNCTION = YES;
				GCC_WARN_UNUSED_VARIABLE = YES;
				IPHONEOS_DEPLOYMENT_TARGET = 8.4;
				MTL_ENABLE_DEBUG_INFO = NO;
				SDKROOT = iphoneos;
				TARGETED_DEVICE_FAMILY = "1,2";
				VALIDATE_PRODUCT = YES;
			};
			name = Release;
		};
		62C002F41B8B1D9300EDE6D9 /* Debug */ = {
			isa = XCBuildConfiguration;
			baseConfigurationReference = 745B682AF52108CD42B9F99D /* Pods-XXBLibDemo.debug.xcconfig */;
			buildSettings = {
				ASSETCATALOG_COMPILER_APPICON_NAME = AppIcon;
				INFOPLIST_FILE = XXBLibDemo/Info.plist;
				IPHONEOS_DEPLOYMENT_TARGET = 7.1;
				LD_RUNPATH_SEARCH_PATHS = "$(inherited) @executable_path/Frameworks";
				PRODUCT_BUNDLE_IDENTIFIER = "com.xiaoxiaobing.$(PRODUCT_NAME:rfc1034identifier)";
				PRODUCT_NAME = "$(TARGET_NAME)";
			};
			name = Debug;
		};
		62C002F51B8B1D9300EDE6D9 /* Release */ = {
			isa = XCBuildConfiguration;
			baseConfigurationReference = 817C1F7E9E711FD19885842D /* Pods-XXBLibDemo.release.xcconfig */;
			buildSettings = {
				ASSETCATALOG_COMPILER_APPICON_NAME = AppIcon;
				INFOPLIST_FILE = XXBLibDemo/Info.plist;
				IPHONEOS_DEPLOYMENT_TARGET = 7.1;
				LD_RUNPATH_SEARCH_PATHS = "$(inherited) @executable_path/Frameworks";
				PRODUCT_BUNDLE_IDENTIFIER = "com.xiaoxiaobing.$(PRODUCT_NAME:rfc1034identifier)";
				PRODUCT_NAME = "$(TARGET_NAME)";
			};
			name = Release;
		};
/* End XCBuildConfiguration section */

/* Begin XCConfigurationList section */
		62C002CB1B8B1D9300EDE6D9 /* Build configuration list for PBXProject "XXBLibDemo" */ = {
			isa = XCConfigurationList;
			buildConfigurations = (
				62C002F11B8B1D9300EDE6D9 /* Debug */,
				62C002F21B8B1D9300EDE6D9 /* Release */,
			);
			defaultConfigurationIsVisible = 0;
			defaultConfigurationName = Release;
		};
		62C002F31B8B1D9300EDE6D9 /* Build configuration list for PBXNativeTarget "XXBLibDemo" */ = {
			isa = XCConfigurationList;
			buildConfigurations = (
				62C002F41B8B1D9300EDE6D9 /* Debug */,
				62C002F51B8B1D9300EDE6D9 /* Release */,
			);
			defaultConfigurationIsVisible = 0;
			defaultConfigurationName = Release;
		};
/* End XCConfigurationList section */
	};
	rootObject = 62C002C81B8B1D9300EDE6D9 /* Project object */;
}
