PODS:
  - XXBLibs (0.0.4):
    - XXBLibs/Category (= 0.0.4)
    - XXBLibs/Class (= 0.0.4)
    - XXBLibs/Others (= 0.0.4)
  - XXBLibs/Category (0.0.4)
  - XXBLibs/Class (0.0.4):
    - XXBLibs/Others
  - XXBLibs/Others (0.0.4)

DEPENDENCIES:
  - XXBLibs (from `../`)

EXTERNAL SOURCES:
  XXBLibs:
    :path: ../

SPEC CHECKSUMS:
  XXBLibs: 783037fb2fd641c579d780ee16f77bc8fe655e6b

PODFILE CHECKSUM: 6e457907e0d9b6caeb2e201dc688dfcf52b2f900

COCOAPODS: 1.3.1
